// !$*UTF8*$!
{
	archiveVersion = 1;
	classes = {
	};
	objectVersion = 48;
	objects = {

/* Begin PBXBuildFile section */
		B3C0B7224494755F9BECB627 /* Pods_CapstoneProject.framework in Frameworks */ = {isa = PBXBuildFile; fileRef = 625C61997588548B692F056B /* Pods_CapstoneProject.framework */; };
		CE22DF022208F2610082633E /* AppDelegate.swift in Sources */ = {isa = PBXBuildFile; fileRef = CE22DF012208F2610082633E /* AppDelegate.swift */; };
		CE22DF042208F2610082633E /* ViewController.swift in Sources */ = {isa = PBXBuildFile; fileRef = CE22DF032208F2610082633E /* ViewController.swift */; };
		CE22DF072208F2610082633E /* Main.storyboard in Resources */ = {isa = PBXBuildFile; fileRef = CE22DF052208F2610082633E /* Main.storyboard */; };
		CE22DF092208F2610082633E /* Assets.xcassets in Resources */ = {isa = PBXBuildFile; fileRef = CE22DF082208F2610082633E /* Assets.xcassets */; };
		CE22DF0C2208F2610082633E /* LaunchScreen.storyboard in Resources */ = {isa = PBXBuildFile; fileRef = CE22DF0A2208F2610082633E /* LaunchScreen.storyboard */; };
		CE386CFD220B5DFB003032E9 /* StartPageViewController.swift in Sources */ = {isa = PBXBuildFile; fileRef = CE386CFC220B5DFB003032E9 /* StartPageViewController.swift */; };
		CE41EBAA221F4A9E001FE707 /* MusicViewController.swift in Sources */ = {isa = PBXBuildFile; fileRef = CE41EBA9221F4A9E001FE707 /* MusicViewController.swift */; };
		CE41EBAC221F4C85001FE707 /* GameViewController.swift in Sources */ = {isa = PBXBuildFile; fileRef = CE41EBAB221F4C85001FE707 /* GameViewController.swift */; };
		CE41EBAE221F4D9D001FE707 /* ReportBullyingFormViewController.swift in Sources */ = {isa = PBXBuildFile; fileRef = CE41EBAD221F4D9D001FE707 /* ReportBullyingFormViewController.swift */; };
		CE5A2547221B8DE800B954B6 /* GoogleService-Info.plist in Resources */ = {isa = PBXBuildFile; fileRef = CE5A2546221B8DE800B954B6 /* GoogleService-Info.plist */; };
		CE5A2549221B912100B954B6 /* SignUpViewController.swift in Sources */ = {isa = PBXBuildFile; fileRef = CE5A2548221B912100B954B6 /* SignUpViewController.swift */; };
		CE6858E42242B08200746C0C /* Base.lproj in Resources */ = {isa = PBXBuildFile; fileRef = CE6858E32242B08200746C0C /* Base.lproj */; };
		CE6858E62242B48F00746C0C /* ChannelsViewController.swift in Sources */ = {isa = PBXBuildFile; fileRef = CE6858E52242B48F00746C0C /* ChannelsViewController.swift */; };
		CE925F312214CD0300D8E0C2 /* ResourcesViewController.swift in Sources */ = {isa = PBXBuildFile; fileRef = CE925F302214CD0300D8E0C2 /* ResourcesViewController.swift */; };
		CEAEE859220B88A2007D522D /* HomeViewController.swift in Sources */ = {isa = PBXBuildFile; fileRef = CEAEE858220B88A2007D522D /* HomeViewController.swift */; };
/* End PBXBuildFile section */

/* Begin PBXFileReference section */
		0C54B6EE51928E7B8163F7BE /* Pods-CapstoneProject.debug.xcconfig */ = {isa = PBXFileReference; includeInIndex = 1; lastKnownFileType = text.xcconfig; name = "Pods-CapstoneProject.debug.xcconfig"; path = "Pods/Target Support Files/Pods-CapstoneProject/Pods-CapstoneProject.debug.xcconfig"; sourceTree = "<group>"; };
		625C61997588548B692F056B /* Pods_CapstoneProject.framework */ = {isa = PBXFileReference; explicitFileType = wrapper.framework; includeInIndex = 0; path = Pods_CapstoneProject.framework; sourceTree = BUILT_PRODUCTS_DIR; };
		8241320A2C02872A5BBDCADB /* Pods-CapstoneProject.release.xcconfig */ = {isa = PBXFileReference; includeInIndex = 1; lastKnownFileType = text.xcconfig; name = "Pods-CapstoneProject.release.xcconfig"; path = "Pods/Target Support Files/Pods-CapstoneProject/Pods-CapstoneProject.release.xcconfig"; sourceTree = "<group>"; };
		CE22DEFE2208F2610082633E /* CapstoneProject.app */ = {isa = PBXFileReference; explicitFileType = wrapper.application; includeInIndex = 0; path = CapstoneProject.app; sourceTree = BUILT_PRODUCTS_DIR; };
		CE22DF012208F2610082633E /* AppDelegate.swift */ = {isa = PBXFileReference; lastKnownFileType = sourcecode.swift; path = AppDelegate.swift; sourceTree = "<group>"; };
		CE22DF032208F2610082633E /* ViewController.swift */ = {isa = PBXFileReference; lastKnownFileType = sourcecode.swift; path = ViewController.swift; sourceTree = "<group>"; };
		CE22DF062208F2610082633E /* Base */ = {isa = PBXFileReference; lastKnownFileType = file.storyboard; name = Base; path = Base.lproj/Main.storyboard; sourceTree = "<group>"; };
		CE22DF082208F2610082633E /* Assets.xcassets */ = {isa = PBXFileReference; lastKnownFileType = folder.assetcatalog; path = Assets.xcassets; sourceTree = "<group>"; };
		CE22DF0B2208F2610082633E /* Base */ = {isa = PBXFileReference; lastKnownFileType = file.storyboard; name = Base; path = Base.lproj/LaunchScreen.storyboard; sourceTree = "<group>"; };
		CE22DF0D2208F2610082633E /* Info.plist */ = {isa = PBXFileReference; lastKnownFileType = text.plist.xml; path = Info.plist; sourceTree = "<group>"; };
		CE269A8F2212554D00167C2A /* CapstoneProject.entitlements */ = {isa = PBXFileReference; lastKnownFileType = text.plist.entitlements; path = CapstoneProject.entitlements; sourceTree = "<group>"; };
		CE386CFC220B5DFB003032E9 /* StartPageViewController.swift */ = {isa = PBXFileReference; lastKnownFileType = sourcecode.swift; path = StartPageViewController.swift; sourceTree = "<group>"; };
		CE41EBA9221F4A9E001FE707 /* MusicViewController.swift */ = {isa = PBXFileReference; lastKnownFileType = sourcecode.swift; path = MusicViewController.swift; sourceTree = "<group>"; };
		CE41EBAB221F4C85001FE707 /* GameViewController.swift */ = {isa = PBXFileReference; lastKnownFileType = sourcecode.swift; path = GameViewController.swift; sourceTree = "<group>"; };
		CE41EBAD221F4D9D001FE707 /* ReportBullyingFormViewController.swift */ = {isa = PBXFileReference; lastKnownFileType = sourcecode.swift; path = ReportBullyingFormViewController.swift; sourceTree = "<group>"; };
		CE5A2546221B8DE800B954B6 /* GoogleService-Info.plist */ = {isa = PBXFileReference; fileEncoding = 4; lastKnownFileType = text.plist.xml; path = "GoogleService-Info.plist"; sourceTree = SOURCE_ROOT; };
		CE5A2548221B912100B954B6 /* SignUpViewController.swift */ = {isa = PBXFileReference; lastKnownFileType = sourcecode.swift; path = SignUpViewController.swift; sourceTree = "<group>"; };
		CE6858E32242B08200746C0C /* Base.lproj */ = {isa = PBXFileReference; lastKnownFileType = folder; path = Base.lproj; sourceTree = "<group>"; };
		CE6858E52242B48F00746C0C /* ChannelsViewController.swift */ = {isa = PBXFileReference; lastKnownFileType = sourcecode.swift; path = ChannelsViewController.swift; sourceTree = "<group>"; };
		CE925F302214CD0300D8E0C2 /* ResourcesViewController.swift */ = {isa = PBXFileReference; lastKnownFileType = sourcecode.swift; path = ResourcesViewController.swift; sourceTree = "<group>"; };
		CEAEE858220B88A2007D522D /* HomeViewController.swift */ = {isa = PBXFileReference; lastKnownFileType = sourcecode.swift; path = HomeViewController.swift; sourceTree = "<group>"; };
/* End PBXFileReference section */

/* Begin PBXFrameworksBuildPhase section */
		CE22DEFB2208F2610082633E /* Frameworks */ = {
			isa = PBXFrameworksBuildPhase;
			buildActionMask = 2147483647;
			files = (
				B3C0B7224494755F9BECB627 /* Pods_CapstoneProject.framework in Frameworks */,
			);
			runOnlyForDeploymentPostprocessing = 0;
		};
/* End PBXFrameworksBuildPhase section */

/* Begin PBXGroup section */
		7F26BB6B92E3DD882E43ACD8 /* Frameworks */ = {
			isa = PBXGroup;
			children = (
				625C61997588548B692F056B /* Pods_CapstoneProject.framework */,
			);
			name = Frameworks;
			sourceTree = "<group>";
		};
		CE22DEF52208F2610082633E = {
			isa = PBXGroup;
			children = (
				CE22DF002208F2610082633E /* CapstoneProject */,
				CE22DEFF2208F2610082633E /* Products */,
				FAF43A0666ED7678BFD1502A /* Pods */,
				7F26BB6B92E3DD882E43ACD8 /* Frameworks */,
			);
			sourceTree = "<group>";
			usesTabs = 1;
		};
		CE22DEFF2208F2610082633E /* Products */ = {
			isa = PBXGroup;
			children = (
				CE22DEFE2208F2610082633E /* CapstoneProject.app */,
			);
			name = Products;
			sourceTree = "<group>";
		};
		CE22DF002208F2610082633E /* CapstoneProject */ = {
			isa = PBXGroup;
			children = (
				CE269A8F2212554D00167C2A /* CapstoneProject.entitlements */,
				CE22DF012208F2610082633E /* AppDelegate.swift */,
				CE22DF032208F2610082633E /* ViewController.swift */,
				CE386CFC220B5DFB003032E9 /* StartPageViewController.swift */,
				CEAEE858220B88A2007D522D /* HomeViewController.swift */,
				CE5A2548221B912100B954B6 /* SignUpViewController.swift */,
				CE925F302214CD0300D8E0C2 /* ResourcesViewController.swift */,
				CE41EBAD221F4D9D001FE707 /* ReportBullyingFormViewController.swift */,
				CE41EBA9221F4A9E001FE707 /* MusicViewController.swift */,
				CE41EBAB221F4C85001FE707 /* GameViewController.swift */,
				CE6858E52242B48F00746C0C /* ChannelsViewController.swift */,
				CE22DF052208F2610082633E /* Main.storyboard */,
				CE22DF0A2208F2610082633E /* LaunchScreen.storyboard */,
				CE22DF082208F2610082633E /* Assets.xcassets */,
				CE5A2546221B8DE800B954B6 /* GoogleService-Info.plist */,
				CE22DF0D2208F2610082633E /* Info.plist */,
				CE6858E32242B08200746C0C /* Base.lproj */,
			);
			path = CapstoneProject;
			sourceTree = "<group>";
		};
		FAF43A0666ED7678BFD1502A /* Pods */ = {
			isa = PBXGroup;
			children = (
				0C54B6EE51928E7B8163F7BE /* Pods-CapstoneProject.debug.xcconfig */,
				8241320A2C02872A5BBDCADB /* Pods-CapstoneProject.release.xcconfig */,
			);
			name = Pods;
			sourceTree = "<group>";
		};
/* End PBXGroup section */

/* Begin PBXNativeTarget section */
		CE22DEFD2208F2610082633E /* CapstoneProject */ = {
			isa = PBXNativeTarget;
			buildConfigurationList = CE22DF102208F2610082633E /* Build configuration list for PBXNativeTarget "CapstoneProject" */;
			buildPhases = (
				D83E4D03598363F091FBFD18 /* [CP] Check Pods Manifest.lock */,
				CE22DEFA2208F2610082633E /* Sources */,
				CE22DEFB2208F2610082633E /* Frameworks */,
				CE22DEFC2208F2610082633E /* Resources */,
				4FFE032828ACAB927001DD23 /* [CP] Embed Pods Frameworks */,
			);
			buildRules = (
			);
			dependencies = (
			);
			name = CapstoneProject;
			productName = CapstoneProject;
			productReference = CE22DEFE2208F2610082633E /* CapstoneProject.app */;
			productType = "com.apple.product-type.application";
		};
/* End PBXNativeTarget section */

/* Begin PBXProject section */
		CE22DEF62208F2610082633E /* Project object */ = {
			isa = PBXProject;
			attributes = {
				LastSwiftUpdateCheck = 0910;
				LastUpgradeCheck = 1010;
				ORGANIZATIONNAME = User;
				TargetAttributes = {
					CE22DEFD2208F2610082633E = {
						CreatedOnToolsVersion = 9.1;
						LastSwiftMigration = 1010;
						ProvisioningStyle = Automatic;
						SystemCapabilities = {
							com.apple.Keychain = {
								enabled = 1;
							};
						};
					};
				};
			};
			buildConfigurationList = CE22DEF92208F2610082633E /* Build configuration list for PBXProject "CapstoneProject" */;
			compatibilityVersion = "Xcode 8.0";
			developmentRegion = en;
			hasScannedForEncodings = 0;
			knownRegions = (
				en,
				Base,
			);
			mainGroup = CE22DEF52208F2610082633E;
			productRefGroup = CE22DEFF2208F2610082633E /* Products */;
			projectDirPath = "";
			projectRoot = "";
			targets = (
				CE22DEFD2208F2610082633E /* CapstoneProject */,
			);
		};
/* End PBXProject section */

/* Begin PBXResourcesBuildPhase section */
		CE22DEFC2208F2610082633E /* Resources */ = {
			isa = PBXResourcesBuildPhase;
			buildActionMask = 2147483647;
			files = (
				CE22DF0C2208F2610082633E /* LaunchScreen.storyboard in Resources */,
				CE5A2547221B8DE800B954B6 /* GoogleService-Info.plist in Resources */,
				CE6858E42242B08200746C0C /* Base.lproj in Resources */,
				CE22DF092208F2610082633E /* Assets.xcassets in Resources */,
				CE22DF072208F2610082633E /* Main.storyboard in Resources */,
			);
			runOnlyForDeploymentPostprocessing = 0;
		};
/* End PBXResourcesBuildPhase section */

/* Begin PBXShellScriptBuildPhase section */
		4FFE032828ACAB927001DD23 /* [CP] Embed Pods Frameworks */ = {
			isa = PBXShellScriptBuildPhase;
			buildActionMask = 2147483647;
			files = (
			);
			inputPaths = (
				"${PODS_ROOT}/Target Support Files/Pods-CapstoneProject/Pods-CapstoneProject-frameworks.sh",
				"${BUILT_PRODUCTS_DIR}/BoringSSL-GRPC/openssl_grpc.framework",
				"${BUILT_PRODUCTS_DIR}/GTMSessionFetcher/GTMSessionFetcher.framework",
				"${BUILT_PRODUCTS_DIR}/GoogleUtilities/GoogleUtilities.framework",
				"${BUILT_PRODUCTS_DIR}/MessageInputBar/MessageInputBar.framework",
				"${BUILT_PRODUCTS_DIR}/MessageKit/MessageKit.framework",
				"${BUILT_PRODUCTS_DIR}/Protobuf/Protobuf.framework",
				"${BUILT_PRODUCTS_DIR}/gRPC-C++/grpcpp.framework",
				"${BUILT_PRODUCTS_DIR}/gRPC-Core/grpc.framework",
				"${BUILT_PRODUCTS_DIR}/leveldb-library/leveldb.framework",
				"${BUILT_PRODUCTS_DIR}/nanopb/nanopb.framework",
			);
			name = "[CP] Embed Pods Frameworks";
			outputPaths = (
				"${TARGET_BUILD_DIR}/${FRAMEWORKS_FOLDER_PATH}/openssl_grpc.framework",
				"${TARGET_BUILD_DIR}/${FRAMEWORKS_FOLDER_PATH}/GTMSessionFetcher.framework",
				"${TARGET_BUILD_DIR}/${FRAMEWORKS_FOLDER_PATH}/GoogleUtilities.framework",
				"${TARGET_BUILD_DIR}/${FRAMEWORKS_FOLDER_PATH}/MessageInputBar.framework",
				"${TARGET_BUILD_DIR}/${FRAMEWORKS_FOLDER_PATH}/MessageKit.framework",
				"${TARGET_BUILD_DIR}/${FRAMEWORKS_FOLDER_PATH}/Protobuf.framework",
				"${TARGET_BUILD_DIR}/${FRAMEWORKS_FOLDER_PATH}/grpcpp.framework",
				"${TARGET_BUILD_DIR}/${FRAMEWORKS_FOLDER_PATH}/grpc.framework",
				"${TARGET_BUILD_DIR}/${FRAMEWORKS_FOLDER_PATH}/leveldb.framework",
				"${TARGET_BUILD_DIR}/${FRAMEWORKS_FOLDER_PATH}/nanopb.framework",
			);
			runOnlyForDeploymentPostprocessing = 0;
			shellPath = /bin/sh;
			shellScript = "\"${PODS_ROOT}/Target Support Files/Pods-CapstoneProject/Pods-CapstoneProject-frameworks.sh\"\n";
			showEnvVarsInLog = 0;
		};
		D83E4D03598363F091FBFD18 /* [CP] Check Pods Manifest.lock */ = {
			isa = PBXShellScriptBuildPhase;
			buildActionMask = 2147483647;
			files = (
			);
			inputPaths = (
				"${PODS_PODFILE_DIR_PATH}/Podfile.lock",
				"${PODS_ROOT}/Manifest.lock",
			);
			name = "[CP] Check Pods Manifest.lock";
			outputPaths = (
				"$(DERIVED_FILE_DIR)/Pods-CapstoneProject-checkManifestLockResult.txt",
			);
			runOnlyForDeploymentPostprocessing = 0;
			shellPath = /bin/sh;
			shellScript = "diff \"${PODS_PODFILE_DIR_PATH}/Podfile.lock\" \"${PODS_ROOT}/Manifest.lock\" > /dev/null\nif [ $? != 0 ] ; then\n    # print error to STDERR\n    echo \"error: The sandbox is not in sync with the Podfile.lock. Run 'pod install' or update your CocoaPods installation.\" >&2\n    exit 1\nfi\n# This output is used by Xcode 'outputs' to avoid re-running this script phase.\necho \"SUCCESS\" > \"${SCRIPT_OUTPUT_FILE_0}\"\n";
			showEnvVarsInLog = 0;
		};
/* End PBXShellScriptBuildPhase section */

/* Begin PBXSourcesBuildPhase section */
		CE22DEFA2208F2610082633E /* Sources */ = {
			isa = PBXSourcesBuildPhase;
			buildActionMask = 2147483647;
			files = (
				CE6858E62242B48F00746C0C /* ChannelsViewController.swift in Sources */,
				CE5A2549221B912100B954B6 /* SignUpViewController.swift in Sources */,
				CE41EBAA221F4A9E001FE707 /* MusicViewController.swift in Sources */,
				CE925F312214CD0300D8E0C2 /* ResourcesViewController.swift in Sources */,
				CEAEE859220B88A2007D522D /* HomeViewController.swift in Sources */,
				CE41EBAC221F4C85001FE707 /* GameViewController.swift in Sources */,
				CE41EBAE221F4D9D001FE707 /* ReportBullyingFormViewController.swift in Sources */,
				CE22DF042208F2610082633E /* ViewController.swift in Sources */,
				CE386CFD220B5DFB003032E9 /* StartPageViewController.swift in Sources */,
				CE22DF022208F2610082633E /* AppDelegate.swift in Sources */,
			);
			runOnlyForDeploymentPostprocessing = 0;
		};
/* End PBXSourcesBuildPhase section */

/* Begin PBXVariantGroup section */
		CE22DF052208F2610082633E /* Main.storyboard */ = {
			isa = PBXVariantGroup;
			children = (
				CE22DF062208F2610082633E /* Base */,
			);
			name = Main.storyboard;
			sourceTree = "<group>";
		};
		CE22DF0A2208F2610082633E /* LaunchScreen.storyboard */ = {
			isa = PBXVariantGroup;
			children = (
				CE22DF0B2208F2610082633E /* Base */,
			);
			name = LaunchScreen.storyboard;
			sourceTree = "<group>";
		};
/* End PBXVariantGroup section */

/* Begin XCBuildConfiguration section */
		CE22DF0E2208F2610082633E /* Debug */ = {
			isa = XCBuildConfiguration;
			buildSettings = {
				ALWAYS_SEARCH_USER_PATHS = NO;
				CLANG_ANALYZER_NONNULL = YES;
				CLANG_ANALYZER_NUMBER_OBJECT_CONVERSION = YES_AGGRESSIVE;
				CLANG_CXX_LANGUAGE_STANDARD = "gnu++14";
				CLANG_CXX_LIBRARY = "libc++";
				CLANG_ENABLE_MODULES = YES;
				CLANG_ENABLE_OBJC_ARC = YES;
				CLANG_WARN_BLOCK_CAPTURE_AUTORELEASING = YES;
				CLANG_WARN_BOOL_CONVERSION = YES;
				CLANG_WARN_COMMA = YES;
				CLANG_WARN_CONSTANT_CONVERSION = YES;
				CLANG_WARN_DEPRECATED_OBJC_IMPLEMENTATIONS = YES;
				CLANG_WARN_DIRECT_OBJC_ISA_USAGE = YES_ERROR;
				CLANG_WARN_DOCUMENTATION_COMMENTS = YES;
				CLANG_WARN_EMPTY_BODY = YES;
				CLANG_WARN_ENUM_CONVERSION = YES;
				CLANG_WARN_INFINITE_RECURSION = YES;
				CLANG_WARN_INT_CONVERSION = YES;
				CLANG_WARN_NON_LITERAL_NULL_CONVERSION = YES;
				CLANG_WARN_OBJC_IMPLICIT_RETAIN_SELF = YES;
				CLANG_WARN_OBJC_LITERAL_CONVERSION = YES;
				CLANG_WARN_OBJC_ROOT_CLASS = YES_ERROR;
				CLANG_WARN_RANGE_LOOP_ANALYSIS = YES;
				CLANG_WARN_STRICT_PROTOTYPES = YES;
				CLANG_WARN_SUSPICIOUS_MOVE = YES;
				CLANG_WARN_UNGUARDED_AVAILABILITY = YES_AGGRESSIVE;
				CLANG_WARN_UNREACHABLE_CODE = YES;
				CLANG_WARN__DUPLICATE_METHOD_MATCH = YES;
				CODE_SIGN_IDENTITY = "iPhone Developer";
				COPY_PHASE_STRIP = NO;
				DEBUG_INFORMATION_FORMAT = dwarf;
				ENABLE_STRICT_OBJC_MSGSEND = YES;
				ENABLE_TESTABILITY = YES;
				GCC_C_LANGUAGE_STANDARD = gnu11;
				GCC_DYNAMIC_NO_PIC = NO;
				GCC_NO_COMMON_BLOCKS = YES;
				GCC_OPTIMIZATION_LEVEL = 0;
				GCC_PREPROCESSOR_DEFINITIONS = (
					"DEBUG=1",
					"$(inherited)",
				);
				GCC_WARN_64_TO_32_BIT_CONVERSION = YES;
				GCC_WARN_ABOUT_RETURN_TYPE = YES_ERROR;
				GCC_WARN_UNDECLARED_SELECTOR = YES;
				GCC_WARN_UNINITIALIZED_AUTOS = YES_AGGRESSIVE;
				GCC_WARN_UNUSED_FUNCTION = YES;
				GCC_WARN_UNUSED_VARIABLE = YES;
				IPHONEOS_DEPLOYMENT_TARGET = 11.1;
				MTL_ENABLE_DEBUG_INFO = YES;
				ONLY_ACTIVE_ARCH = YES;
				SDKROOT = iphoneos;
				SWIFT_ACTIVE_COMPILATION_CONDITIONS = DEBUG;
				SWIFT_OPTIMIZATION_LEVEL = "-Onone";
			};
			name = Debug;
		};
		CE22DF0F2208F2610082633E /* Release */ = {
			isa = XCBuildConfiguration;
			buildSettings = {
				ALWAYS_SEARCH_USER_PATHS = NO;
				CLANG_ANALYZER_NONNULL = YES;
				CLANG_ANALYZER_NUMBER_OBJECT_CONVERSION = YES_AGGRESSIVE;
				CLANG_CXX_LANGUAGE_STANDARD = "gnu++14";
				CLANG_CXX_LIBRARY = "libc++";
				CLANG_ENABLE_MODULES = YES;
				CLANG_ENABLE_OBJC_ARC = YES;
				CLANG_WARN_BLOCK_CAPTURE_AUTORELEASING = YES;
				CLANG_WARN_BOOL_CONVERSION = YES;
				CLANG_WARN_COMMA = YES;
				CLANG_WARN_CONSTANT_CONVERSION = YES;
				CLANG_WARN_DEPRECATED_OBJC_IMPLEMENTATIONS = YES;
				CLANG_WARN_DIRECT_OBJC_ISA_USAGE = YES_ERROR;
				CLANG_WARN_DOCUMENTATION_COMMENTS = YES;
				CLANG_WARN_EMPTY_BODY = YES;
				CLANG_WARN_ENUM_CONVERSION = YES;
				CLANG_WARN_INFINITE_RECURSION = YES;
				CLANG_WARN_INT_CONVERSION = YES;
				CLANG_WARN_NON_LITERAL_NULL_CONVERSION = YES;
				CLANG_WARN_OBJC_IMPLICIT_RETAIN_SELF = YES;
				CLANG_WARN_OBJC_LITERAL_CONVERSION = YES;
				CLANG_WARN_OBJC_ROOT_CLASS = YES_ERROR;
				CLANG_WARN_RANGE_LOOP_ANALYSIS = YES;
				CLANG_WARN_STRICT_PROTOTYPES = YES;
				CLANG_WARN_SUSPICIOUS_MOVE = YES;
				CLANG_WARN_UNGUARDED_AVAILABILITY = YES_AGGRESSIVE;
				CLANG_WARN_UNREACHABLE_CODE = YES;
				CLANG_WARN__DUPLICATE_METHOD_MATCH = YES;
				CODE_SIGN_IDENTITY = "iPhone Developer";
				COPY_PHASE_STRIP = NO;
				DEBUG_INFORMATION_FORMAT = "dwarf-with-dsym";
				ENABLE_NS_ASSERTIONS = NO;
				ENABLE_STRICT_OBJC_MSGSEND = YES;
				GCC_C_LANGUAGE_STANDARD = gnu11;
				GCC_NO_COMMON_BLOCKS = YES;
				GCC_WARN_64_TO_32_BIT_CONVERSION = YES;
				GCC_WARN_ABOUT_RETURN_TYPE = YES_ERROR;
				GCC_WARN_UNDECLARED_SELECTOR = YES;
				GCC_WARN_UNINITIALIZED_AUTOS = YES_AGGRESSIVE;
				GCC_WARN_UNUSED_FUNCTION = YES;
				GCC_WARN_UNUSED_VARIABLE = YES;
				IPHONEOS_DEPLOYMENT_TARGET = 11.1;
				MTL_ENABLE_DEBUG_INFO = NO;
				SDKROOT = iphoneos;
				SWIFT_OPTIMIZATION_LEVEL = "-Owholemodule";
				VALIDATE_PRODUCT = YES;
			};
			name = Release;
		};
		CE22DF112208F2610082633E /* Debug */ = {
			isa = XCBuildConfiguration;
			baseConfigurationReference = 0C54B6EE51928E7B8163F7BE /* Pods-CapstoneProject.debug.xcconfig */;
			buildSettings = {
				ASSETCATALOG_COMPILER_APPICON_NAME = AppIcon;
				CODE_SIGN_ENTITLEMENTS = CapstoneProject/CapstoneProject.entitlements;
				CODE_SIGN_STYLE = Automatic;
				DEVELOPMENT_TEAM = HBBYK72NK3;
				INFOPLIST_FILE = CapstoneProject/Info.plist;
				LD_RUNPATH_SEARCH_PATHS = "$(inherited) @executable_path/Frameworks";
				PRODUCT_BUNDLE_IDENTIFIER = com.example.CapstoneProject;
				PRODUCT_NAME = "$(TARGET_NAME)";
				SWIFT_VERSION = 4.2;
				TARGETED_DEVICE_FAMILY = "1,2";
			};
			name = Debug;
		};
		CE22DF122208F2610082633E /* Release */ = {
			isa = XCBuildConfiguration;
			baseConfigurationReference = 8241320A2C02872A5BBDCADB /* Pods-CapstoneProject.release.xcconfig */;
			buildSettings = {
				ASSETCATALOG_COMPILER_APPICON_NAME = AppIcon;
				CODE_SIGN_ENTITLEMENTS = CapstoneProject/CapstoneProject.entitlements;
				CODE_SIGN_STYLE = Automatic;
				DEVELOPMENT_TEAM = HBBYK72NK3;
				INFOPLIST_FILE = CapstoneProject/Info.plist;
				LD_RUNPATH_SEARCH_PATHS = "$(inherited) @executable_path/Frameworks";
				PRODUCT_BUNDLE_IDENTIFIER = com.example.CapstoneProject;
				PRODUCT_NAME = "$(TARGET_NAME)";
				SWIFT_VERSION = 4.2;
				TARGETED_DEVICE_FAMILY = "1,2";
			};
			name = Release;
		};
/* End XCBuildConfiguration section */

/* Begin XCConfigurationList section */
		CE22DEF92208F2610082633E /* Build configuration list for PBXProject "CapstoneProject" */ = {
			isa = XCConfigurationList;
			buildConfigurations = (
				CE22DF0E2208F2610082633E /* Debug */,
				CE22DF0F2208F2610082633E /* Release */,
			);
			defaultConfigurationIsVisible = 0;
			defaultConfigurationName = Release;
		};
		CE22DF102208F2610082633E /* Build configuration list for PBXNativeTarget "CapstoneProject" */ = {
			isa = XCConfigurationList;
			buildConfigurations = (
				CE22DF112208F2610082633E /* Debug */,
				CE22DF122208F2610082633E /* Release */,
			);
			defaultConfigurationIsVisible = 0;
			defaultConfigurationName = Release;
		};
/* End XCConfigurationList section */
	};
	rootObject = CE22DEF62208F2610082633E /* Project object */;
}
